// !$*UTF8*$!
{
	archiveVersion = 1;
	classes = {
	};
	objectVersion = 50;
	objects = {

/* Begin PBXBuildFile section */
		0A039F5E251AC5F90004E3ED /* AppDelegate.swift in Sources */ = {isa = PBXBuildFile; fileRef = 0A039F5D251AC5F90004E3ED /* AppDelegate.swift */; };
		0A039F60251AC5F90004E3ED /* SceneDelegate.swift in Sources */ = {isa = PBXBuildFile; fileRef = 0A039F5F251AC5F90004E3ED /* SceneDelegate.swift */; };
		0A039F62251AC5F90004E3ED /* ToDoListViewController.swift in Sources */ = {isa = PBXBuildFile; fileRef = 0A039F61251AC5F90004E3ED /* ToDoListViewController.swift */; };
		0A039F65251AC5F90004E3ED /* Main.storyboard in Resources */ = {isa = PBXBuildFile; fileRef = 0A039F63251AC5F90004E3ED /* Main.storyboard */; };
		0A039F67251AC5FF0004E3ED /* Assets.xcassets in Resources */ = {isa = PBXBuildFile; fileRef = 0A039F66251AC5FF0004E3ED /* Assets.xcassets */; };
		0A039F6A251AC5FF0004E3ED /* LaunchScreen.storyboard in Resources */ = {isa = PBXBuildFile; fileRef = 0A039F68251AC5FF0004E3ED /* LaunchScreen.storyboard */; };
		0A1530DB251F8F7D00EB49DD /* ToDoItem.swift in Sources */ = {isa = PBXBuildFile; fileRef = 0A1530DA251F8F7D00EB49DD /* ToDoItem.swift */; };
		0A5BD740252550B8005D28F1 /* ListTableViewCell.swift in Sources */ = {isa = PBXBuildFile; fileRef = 0A5BD73F252550B8005D28F1 /* ListTableViewCell.swift */; };
		0A79AB80252912FE0053C3AE /* LocalNotificationManager.swift in Sources */ = {isa = PBXBuildFile; fileRef = 0A79AB7F252912FE0053C3AE /* LocalNotificationManager.swift */; };
		0A9F9C98251C18DE00E71A9E /* ToDoDetailTableViewController.swift in Sources */ = {isa = PBXBuildFile; fileRef = 0A9F9C97251C18DE00E71A9E /* ToDoDetailTableViewController.swift */; };
		0AD3E1FF2527BC2F00191CE8 /* ToDoItems.swift in Sources */ = {isa = PBXBuildFile; fileRef = 0AD3E1FE2527BC2F00191CE8 /* ToDoItems.swift */; };
		0ADE6796252A3DB30062C166 /* UIViewController+alert.swift in Sources */ = {isa = PBXBuildFile; fileRef = 0ADE6795252A3DB30062C166 /* UIViewController+alert.swift */; };
/* End PBXBuildFile section */

/* Begin PBXFileReference section */
		0A039F5A251AC5F90004E3ED /* ToDoList.app */ = {isa = PBXFileReference; explicitFileType = wrapper.application; includeInIndex = 0; path = ToDoList.app; sourceTree = BUILT_PRODUCTS_DIR; };
		0A039F5D251AC5F90004E3ED /* AppDelegate.swift */ = {isa = PBXFileReference; lastKnownFileType = sourcecode.swift; path = AppDelegate.swift; sourceTree = "<group>"; };
		0A039F5F251AC5F90004E3ED /* SceneDelegate.swift */ = {isa = PBXFileReference; lastKnownFileType = sourcecode.swift; path = SceneDelegate.swift; sourceTree = "<group>"; };
		0A039F61251AC5F90004E3ED /* ToDoListViewController.swift */ = {isa = PBXFileReference; lastKnownFileType = sourcecode.swift; path = ToDoListViewController.swift; sourceTree = "<group>"; };
		0A039F64251AC5F90004E3ED /* Base */ = {isa = PBXFileReference; lastKnownFileType = file.storyboard; name = Base; path = Base.lproj/Main.storyboard; sourceTree = "<group>"; };
		0A039F66251AC5FF0004E3ED /* Assets.xcassets */ = {isa = PBXFileReference; lastKnownFileType = folder.assetcatalog; path = Assets.xcassets; sourceTree = "<group>"; };
		0A039F69251AC5FF0004E3ED /* Base */ = {isa = PBXFileReference; lastKnownFileType = file.storyboard; name = Base; path = Base.lproj/LaunchScreen.storyboard; sourceTree = "<group>"; };
		0A039F6B251AC5FF0004E3ED /* Info.plist */ = {isa = PBXFileReference; lastKnownFileType = text.plist.xml; path = Info.plist; sourceTree = "<group>"; };
		0A1530DA251F8F7D00EB49DD /* ToDoItem.swift */ = {isa = PBXFileReference; lastKnownFileType = sourcecode.swift; path = ToDoItem.swift; sourceTree = "<group>"; };
		0A5BD73F252550B8005D28F1 /* ListTableViewCell.swift */ = {isa = PBXFileReference; lastKnownFileType = sourcecode.swift; path = ListTableViewCell.swift; sourceTree = "<group>"; };
		0A79AB7F252912FE0053C3AE /* LocalNotificationManager.swift */ = {isa = PBXFileReference; lastKnownFileType = sourcecode.swift; path = LocalNotificationManager.swift; sourceTree = "<group>"; };
		0A9F9C97251C18DE00E71A9E /* ToDoDetailTableViewController.swift */ = {isa = PBXFileReference; lastKnownFileType = sourcecode.swift; path = ToDoDetailTableViewController.swift; sourceTree = "<group>"; };
		0AD3E1FE2527BC2F00191CE8 /* ToDoItems.swift */ = {isa = PBXFileReference; lastKnownFileType = sourcecode.swift; path = ToDoItems.swift; sourceTree = "<group>"; };
		0ADE6795252A3DB30062C166 /* UIViewController+alert.swift */ = {isa = PBXFileReference; lastKnownFileType = sourcecode.swift; path = "UIViewController+alert.swift"; sourceTree = "<group>"; };
/* End PBXFileReference section */

/* Begin PBXFrameworksBuildPhase section */
		0A039F57251AC5F90004E3ED /* Frameworks */ = {
			isa = PBXFrameworksBuildPhase;
			buildActionMask = 2147483647;
			files = (
			);
			runOnlyForDeploymentPostprocessing = 0;
		};
/* End PBXFrameworksBuildPhase section */

/* Begin PBXGroup section */
		0A039F51251AC5F90004E3ED = {
			isa = PBXGroup;
			children = (
				0A039F5C251AC5F90004E3ED /* ToDoList */,
				0A039F5B251AC5F90004E3ED /* Products */,
			);
			sourceTree = "<group>";
		};
		0A039F5B251AC5F90004E3ED /* Products */ = {
			isa = PBXGroup;
			children = (
				0A039F5A251AC5F90004E3ED /* ToDoList.app */,
			);
			name = Products;
			sourceTree = "<group>";
		};
		0A039F5C251AC5F90004E3ED /* ToDoList */ = {
			isa = PBXGroup;
			children = (
				0A039F5D251AC5F90004E3ED /* AppDelegate.swift */,
				0A039F5F251AC5F90004E3ED /* SceneDelegate.swift */,
				0A79AB7F252912FE0053C3AE /* LocalNotificationManager.swift */,
				0ADE6795252A3DB30062C166 /* UIViewController+alert.swift */,
				0A1530DA251F8F7D00EB49DD /* ToDoItem.swift */,
				0AD3E1FE2527BC2F00191CE8 /* ToDoItems.swift */,
				0A039F61251AC5F90004E3ED /* ToDoListViewController.swift */,
				0A5BD73F252550B8005D28F1 /* ListTableViewCell.swift */,
				0A9F9C97251C18DE00E71A9E /* ToDoDetailTableViewController.swift */,
				0A039F63251AC5F90004E3ED /* Main.storyboard */,
				0A039F66251AC5FF0004E3ED /* Assets.xcassets */,
				0A039F68251AC5FF0004E3ED /* LaunchScreen.storyboard */,
				0A039F6B251AC5FF0004E3ED /* Info.plist */,
			);
			path = ToDoList;
			sourceTree = "<group>";
		};
/* End PBXGroup section */

/* Begin PBXNativeTarget section */
		0A039F59251AC5F90004E3ED /* ToDoList */ = {
			isa = PBXNativeTarget;
			buildConfigurationList = 0A039F6E251AC5FF0004E3ED /* Build configuration list for PBXNativeTarget "ToDoList" */;
			buildPhases = (
				0A039F56251AC5F90004E3ED /* Sources */,
				0A039F57251AC5F90004E3ED /* Frameworks */,
				0A039F58251AC5F90004E3ED /* Resources */,
			);
			buildRules = (
			);
			dependencies = (
			);
			name = ToDoList;
			productName = ToDoList;
			productReference = 0A039F5A251AC5F90004E3ED /* ToDoList.app */;
			productType = "com.apple.product-type.application";
		};
/* End PBXNativeTarget section */

/* Begin PBXProject section */
		0A039F52251AC5F90004E3ED /* Project object */ = {
			isa = PBXProject;
			attributes = {
				LastSwiftUpdateCheck = 1160;
				LastUpgradeCheck = 1160;
				ORGANIZATIONNAME = "Jackie Cochran";
				TargetAttributes = {
					0A039F59251AC5F90004E3ED = {
						CreatedOnToolsVersion = 11.6;
					};
				};
			};
			buildConfigurationList = 0A039F55251AC5F90004E3ED /* Build configuration list for PBXProject "ToDoList" */;
			compatibilityVersion = "Xcode 9.3";
			developmentRegion = en;
			hasScannedForEncodings = 0;
			knownRegions = (
				en,
				Base,
			);
			mainGroup = 0A039F51251AC5F90004E3ED;
			productRefGroup = 0A039F5B251AC5F90004E3ED /* Products */;
			projectDirPath = "";
			projectRoot = "";
			targets = (
				0A039F59251AC5F90004E3ED /* ToDoList */,
			);
		};
/* End PBXProject section */

/* Begin PBXResourcesBuildPhase section */
		0A039F58251AC5F90004E3ED /* Resources */ = {
			isa = PBXResourcesBuildPhase;
			buildActionMask = 2147483647;
			files = (
				0A039F6A251AC5FF0004E3ED /* LaunchScreen.storyboard in Resources */,
				0A039F67251AC5FF0004E3ED /* Assets.xcassets in Resources */,
				0A039F65251AC5F90004E3ED /* Main.storyboard in Resources */,
			);
			runOnlyForDeploymentPostprocessing = 0;
		};
/* End PBXResourcesBuildPhase section */

/* Begin PBXSourcesBuildPhase section */
		0A039F56251AC5F90004E3ED /* Sources */ = {
			isa = PBXSourcesBuildPhase;
			buildActionMask = 2147483647;
			files = (
				0A039F62251AC5F90004E3ED /* ToDoListViewController.swift in Sources */,
				0AD3E1FF2527BC2F00191CE8 /* ToDoItems.swift in Sources */,
				0A039F5E251AC5F90004E3ED /* AppDelegate.swift in Sources */,
				0ADE6796252A3DB30062C166 /* UIViewController+alert.swift in Sources */,
				0A1530DB251F8F7D00EB49DD /* ToDoItem.swift in Sources */,
				0A9F9C98251C18DE00E71A9E /* ToDoDetailTableViewController.swift in Sources */,
				0A039F60251AC5F90004E3ED /* SceneDelegate.swift in Sources */,
				0A79AB80252912FE0053C3AE /* LocalNotificationManager.swift in Sources */,
				0A5BD740252550B8005D28F1 /* ListTableViewCell.swift in Sources */,
			);
			runOnlyForDeploymentPostprocessing = 0;
		};
/* End PBXSourcesBuildPhase section */

/* Begin PBXVariantGroup section */
		0A039F63251AC5F90004E3ED /* Main.storyboard */ = {
			isa = PBXVariantGroup;
			children = (
				0A039F64251AC5F90004E3ED /* Base */,
			);
			name = Main.storyboard;
			sourceTree = "<group>";
		};
		0A039F68251AC5FF0004E3ED /* LaunchScreen.storyboard */ = {
			isa = PBXVariantGroup;
			children = (
				0A039F69251AC5FF0004E3ED /* Base */,
			);
			name = LaunchScreen.storyboard;
			sourceTree = "<group>";
		};
/* End PBXVariantGroup section */

/* Begin XCBuildConfiguration section */
		0A039F6C251AC5FF0004E3ED /* Debug */ = {
			isa = XCBuildConfiguration;
			buildSettings = {
				ALWAYS_SEARCH_USER_PATHS = NO;
				CLANG_ANALYZER_NONNULL = YES;
				CLANG_ANALYZER_NUMBER_OBJECT_CONVERSION = YES_AGGRESSIVE;
				CLANG_CXX_LANGUAGE_STANDARD = "gnu++14";
				CLANG_CXX_LIBRARY = "libc++";
				CLANG_ENABLE_MODULES = YES;
				CLANG_ENABLE_OBJC_ARC = YES;
				CLANG_ENABLE_OBJC_WEAK = YES;
				CLANG_WARN_BLOCK_CAPTURE_AUTORELEASING = YES;
				CLANG_WARN_BOOL_CONVERSION = YES;
				CLANG_WARN_COMMA = YES;
				CLANG_WARN_CONSTANT_CONVERSION = YES;
				CLANG_WARN_DEPRECATED_OBJC_IMPLEMENTATIONS = YES;
				CLANG_WARN_DIRECT_OBJC_ISA_USAGE = YES_ERROR;
				CLANG_WARN_DOCUMENTATION_COMMENTS = YES;
				CLANG_WARN_EMPTY_BODY = YES;
				CLANG_WARN_ENUM_CONVERSION = YES;
				CLANG_WARN_INFINITE_RECURSION = YES;
				CLANG_WARN_INT_CONVERSION = YES;
				CLANG_WARN_NON_LITERAL_NULL_CONVERSION = YES;
				CLANG_WARN_OBJC_IMPLICIT_RETAIN_SELF = YES;
				CLANG_WARN_OBJC_LITERAL_CONVERSION = YES;
				CLANG_WARN_OBJC_ROOT_CLASS = YES_ERROR;
				CLANG_WARN_RANGE_LOOP_ANALYSIS = YES;
				CLANG_WARN_STRICT_PROTOTYPES = YES;
				CLANG_WARN_SUSPICIOUS_MOVE = YES;
				CLANG_WARN_UNGUARDED_AVAILABILITY = YES_AGGRESSIVE;
				CLANG_WARN_UNREACHABLE_CODE = YES;
				CLANG_WARN__DUPLICATE_METHOD_MATCH = YES;
				COPY_PHASE_STRIP = NO;
				DEBUG_INFORMATION_FORMAT = dwarf;
				ENABLE_STRICT_OBJC_MSGSEND = YES;
				ENABLE_TESTABILITY = YES;
				GCC_C_LANGUAGE_STANDARD = gnu11;
				GCC_DYNAMIC_NO_PIC = NO;
				GCC_NO_COMMON_BLOCKS = YES;
				GCC_OPTIMIZATION_LEVEL = 0;
				GCC_PREPROCESSOR_DEFINITIONS = (
					"DEBUG=1",
					"$(inherited)",
				);
				GCC_WARN_64_TO_32_BIT_CONVERSION = YES;
				GCC_WARN_ABOUT_RETURN_TYPE = YES_ERROR;
				GCC_WARN_UNDECLARED_SELECTOR = YES;
				GCC_WARN_UNINITIALIZED_AUTOS = YES_AGGRESSIVE;
				GCC_WARN_UNUSED_FUNCTION = YES;
				GCC_WARN_UNUSED_VARIABLE = YES;
				IPHONEOS_DEPLOYMENT_TARGET = 13.6;
				MTL_ENABLE_DEBUG_INFO = INCLUDE_SOURCE;
				MTL_FAST_MATH = YES;
				ONLY_ACTIVE_ARCH = YES;
				SDKROOT = iphoneos;
				SWIFT_ACTIVE_COMPILATION_CONDITIONS = DEBUG;
				SWIFT_OPTIMIZATION_LEVEL = "-Onone";
			};
			name = Debug;
		};
		0A039F6D251AC5FF0004E3ED /* Release */ = {
			isa = XCBuildConfiguration;
			buildSettings = {
				ALWAYS_SEARCH_USER_PATHS = NO;
				CLANG_ANALYZER_NONNULL = YES;
				CLANG_ANALYZER_NUMBER_OBJECT_CONVERSION = YES_AGGRESSIVE;
				CLANG_CXX_LANGUAGE_STANDARD = "gnu++14";
				CLANG_CXX_LIBRARY = "libc++";
				CLANG_ENABLE_MODULES = YES;
				CLANG_ENABLE_OBJC_ARC = YES;
				CLANG_ENABLE_OBJC_WEAK = YES;
				CLANG_WARN_BLOCK_CAPTURE_AUTORELEASING = YES;
				CLANG_WARN_BOOL_CONVERSION = YES;
				CLANG_WARN_COMMA = YES;
				CLANG_WARN_CONSTANT_CONVERSION = YES;
				CLANG_WARN_DEPRECATED_OBJC_IMPLEMENTATIONS = YES;
				CLANG_WARN_DIRECT_OBJC_ISA_USAGE = YES_ERROR;
				CLANG_WARN_DOCUMENTATION_COMMENTS = YES;
				CLANG_WARN_EMPTY_BODY = YES;
				CLANG_WARN_ENUM_CONVERSION = YES;
				CLANG_WARN_INFINITE_RECURSION = YES;
				CLANG_WARN_INT_CONVERSION = YES;
				CLANG_WARN_NON_LITERAL_NULL_CONVERSION = YES;
				CLANG_WARN_OBJC_IMPLICIT_RETAIN_SELF = YES;
				CLANG_WARN_OBJC_LITERAL_CONVERSION = YES;
				CLANG_WARN_OBJC_ROOT_CLASS = YES_ERROR;
				CLANG_WARN_RANGE_LOOP_ANALYSIS = YES;
				CLANG_WARN_STRICT_PROTOTYPES = YES;
				CLANG_WARN_SUSPICIOUS_MOVE = YES;
				CLANG_WARN_UNGUARDED_AVAILABILITY = YES_AGGRESSIVE;
				CLANG_WARN_UNREACHABLE_CODE = YES;
				CLANG_WARN__DUPLICATE_METHOD_MATCH = YES;
				COPY_PHASE_STRIP = NO;
				DEBUG_INFORMATION_FORMAT = "dwarf-with-dsym";
				ENABLE_NS_ASSERTIONS = NO;
				ENABLE_STRICT_OBJC_MSGSEND = YES;
				GCC_C_LANGUAGE_STANDARD = gnu11;
				GCC_NO_COMMON_BLOCKS = YES;
				GCC_WARN_64_TO_32_BIT_CONVERSION = YES;
				GCC_WARN_ABOUT_RETURN_TYPE = YES_ERROR;
				GCC_WARN_UNDECLARED_SELECTOR = YES;
				GCC_WARN_UNINITIALIZED_AUTOS = YES_AGGRESSIVE;
				GCC_WARN_UNUSED_FUNCTION = YES;
				GCC_WARN_UNUSED_VARIABLE = YES;
				IPHONEOS_DEPLOYMENT_TARGET = 13.6;
				MTL_ENABLE_DEBUG_INFO = NO;
				MTL_FAST_MATH = YES;
				SDKROOT = iphoneos;
				SWIFT_COMPILATION_MODE = wholemodule;
				SWIFT_OPTIMIZATION_LEVEL = "-O";
				VALIDATE_PRODUCT = YES;
			};
			name = Release;
		};
		0A039F6F251AC5FF0004E3ED /* Debug */ = {
			isa = XCBuildConfiguration;
			buildSettings = {
				ASSETCATALOG_COMPILER_APPICON_NAME = AppIcon;
				CODE_SIGN_STYLE = Automatic;
				DEVELOPMENT_TEAM = PPPL2BWFBL;
				INFOPLIST_FILE = ToDoList/Info.plist;
				LD_RUNPATH_SEARCH_PATHS = (
					"$(inherited)",
					"@executable_path/Frameworks",
				);
				PRODUCT_BUNDLE_IDENTIFIER = com.cochran.ToDoList;
				PRODUCT_NAME = "$(TARGET_NAME)";
				SWIFT_VERSION = 5.0;
				TARGETED_DEVICE_FAMILY = "1,2";
			};
			name = Debug;
		};
		0A039F70251AC5FF0004E3ED /* Release */ = {
			isa = XCBuildConfiguration;
			buildSettings = {
				ASSETCATALOG_COMPILER_APPICON_NAME = AppIcon;
				CODE_SIGN_STYLE = Automatic;
				DEVELOPMENT_TEAM = PPPL2BWFBL;
				INFOPLIST_FILE = ToDoList/Info.plist;
				LD_RUNPATH_SEARCH_PATHS = (
					"$(inherited)",
					"@executable_path/Frameworks",
				);
				PRODUCT_BUNDLE_IDENTIFIER = com.cochran.ToDoList;
				PRODUCT_NAME = "$(TARGET_NAME)";
				SWIFT_VERSION = 5.0;
				TARGETED_DEVICE_FAMILY = "1,2";
			};
			name = Release;
		};
/* End XCBuildConfiguration section */

/* Begin XCConfigurationList section */
		0A039F55251AC5F90004E3ED /* Build configuration list for PBXProject "ToDoList" */ = {
			isa = XCConfigurationList;
			buildConfigurations = (
				0A039F6C251AC5FF0004E3ED /* Debug */,
				0A039F6D251AC5FF0004E3ED /* Release */,
			);
			defaultConfigurationIsVisible = 0;
			defaultConfigurationName = Release;
		};
		0A039F6E251AC5FF0004E3ED /* Build configuration list for PBXNativeTarget "ToDoList" */ = {
			isa = XCConfigurationList;
			buildConfigurations = (
				0A039F6F251AC5FF0004E3ED /* Debug */,
				0A039F70251AC5FF0004E3ED /* Release */,
			);
			defaultConfigurationIsVisible = 0;
			defaultConfigurationName = Release;
		};
/* End XCConfigurationList section */
	};
	rootObject = 0A039F52251AC5F90004E3ED /* Project object */;
}
